
Microsoft Visual Studio Solution File, Format Version 12.00
# Visual Studio Version 16
VisualStudioVersion = 16.0.31624.102
MinimumVisualStudioVersion = 10.0.40219.1
Project("{9A19103F-16F7-4668-BE54-9A1E7A4F7556}") = "MusicShop_Exam", "MusicShop_Exam\MusicShop_Exam.csproj", "{F84E96A6-DCEE-4C0E-9A35-AD37BD77717A}"
EndProject
Project("{2150E333-8FDC-42A3-9474-1A3956D46DE8}") = "MusicShop.Core", "MusicShop.Core", "{0E6F3FCF-0EDF-4099-8CE6-DE0C74698516}"
EndProject
Project("{FAE04EC0-301F-11D3-BF4B-00C04F79EFBC}") = "Domain", "Domain\Domain.csproj", "{B96A5DC3-CAC2-420E-90D5-96028DC94AE3}"
EndProject
Project("{FAE04EC0-301F-11D3-BF4B-00C04F79EFBC}") = "Services.Abstract", "Services.Abstract\Services.Abstract.csproj", "{E77511D0-DDCF-4EDB-8EBB-71B66A8F4152}"
EndProject
Project("{FAE04EC0-301F-11D3-BF4B-00C04F79EFBC}") = "Services", "Services\Services.csproj", "{6138BFA8-99F5-44ED-910C-298F238798D4}"
EndProject
Project("{2150E333-8FDC-42A3-9474-1A3956D46DE8}") = "MusicShop.Infrastucture", "MusicShop.Infrastucture", "{F68DC986-5A5B-4F37-BA3F-BC9669E2A42C}"
EndProject
Project("{FAE04EC0-301F-11D3-BF4B-00C04F79EFBC}") = "Persistence", "Persistence\Persistence.csproj", "{EA3DAAFC-339A-487F-9E01-598AB53E6CC6}"
EndProject
Project("{FAE04EC0-301F-11D3-BF4B-00C04F79EFBC}") = "Presentation", "Presentation\Presentation.csproj", "{78A9145C-7527-476A-B3F9-591E511BFBC3}"
EndProject
Project("{FAE04EC0-301F-11D3-BF4B-00C04F79EFBC}") = "MusicShop.API", "MusicShop.API\MusicShop.API.csproj", "{54C468B8-26D1-4C9A-A8D1-FD907EE46ADF}"
EndProject
Global
	GlobalSection(SolutionConfigurationPlatforms) = preSolution
		Debug|Any CPU = Debug|Any CPU
		Release|Any CPU = Release|Any CPU
	EndGlobalSection
	GlobalSection(ProjectConfigurationPlatforms) = postSolution
		{F84E96A6-DCEE-4C0E-9A35-AD37BD77717A}.Debug|Any CPU.ActiveCfg = Debug|Any CPU
		{F84E96A6-DCEE-4C0E-9A35-AD37BD77717A}.Debug|Any CPU.Build.0 = Debug|Any CPU
		{F84E96A6-DCEE-4C0E-9A35-AD37BD77717A}.Release|Any CPU.ActiveCfg = Release|Any CPU
		{F84E96A6-DCEE-4C0E-9A35-AD37BD77717A}.Release|Any CPU.Build.0 = Release|Any CPU
		{B96A5DC3-CAC2-420E-90D5-96028DC94AE3}.Debug|Any CPU.ActiveCfg = Debug|Any CPU
		{B96A5DC3-CAC2-420E-90D5-96028DC94AE3}.Debug|Any CPU.Build.0 = Debug|Any CPU
		{B96A5DC3-CAC2-420E-90D5-96028DC94AE3}.Release|Any CPU.ActiveCfg = Release|Any CPU
		{B96A5DC3-CAC2-420E-90D5-96028DC94AE3}.Release|Any CPU.Build.0 = Release|Any CPU
		{E77511D0-DDCF-4EDB-8EBB-71B66A8F4152}.Debug|Any CPU.ActiveCfg = Debug|Any CPU
		{E77511D0-DDCF-4EDB-8EBB-71B66A8F4152}.Debug|Any CPU.Build.0 = Debug|Any CPU
		{E77511D0-DDCF-4EDB-8EBB-71B66A8F4152}.Release|Any CPU.ActiveCfg = Release|Any CPU
		{E77511D0-DDCF-4EDB-8EBB-71B66A8F4152}.Release|Any CPU.Build.0 = Release|Any CPU
		{6138BFA8-99F5-44ED-910C-298F238798D4}.Debug|Any CPU.ActiveCfg = Debug|Any CPU
		{6138BFA8-99F5-44ED-910C-298F238798D4}.Debug|Any CPU.Build.0 = Debug|Any CPU
		{6138BFA8-99F5-44ED-910C-298F238798D4}.Release|Any CPU.ActiveCfg = Release|Any CPU
		{6138BFA8-99F5-44ED-910C-298F238798D4}.Release|Any CPU.Build.0 = Release|Any CPU
		{EA3DAAFC-339A-487F-9E01-598AB53E6CC6}.Debug|Any CPU.ActiveCfg = Debug|Any CPU
		{EA3DAAFC-339A-487F-9E01-598AB53E6CC6}.Debug|Any CPU.Build.0 = Debug|Any CPU
		{EA3DAAFC-339A-487F-9E01-598AB53E6CC6}.Release|Any CPU.ActiveCfg = Release|Any CPU
		{EA3DAAFC-339A-487F-9E01-598AB53E6CC6}.Release|Any CPU.Build.0 = Release|Any CPU
		{78A9145C-7527-476A-B3F9-591E511BFBC3}.Debug|Any CPU.ActiveCfg = Debug|Any CPU
		{78A9145C-7527-476A-B3F9-591E511BFBC3}.Debug|Any CPU.Build.0 = Debug|Any CPU
		{78A9145C-7527-476A-B3F9-591E511BFBC3}.Release|Any CPU.ActiveCfg = Release|Any CPU
		{78A9145C-7527-476A-B3F9-591E511BFBC3}.Release|Any CPU.Build.0 = Release|Any CPU
		{54C468B8-26D1-4C9A-A8D1-FD907EE46ADF}.Debug|Any CPU.ActiveCfg = Debug|Any CPU
		{54C468B8-26D1-4C9A-A8D1-FD907EE46ADF}.Debug|Any CPU.Build.0 = Debug|Any CPU
		{54C468B8-26D1-4C9A-A8D1-FD907EE46ADF}.Release|Any CPU.ActiveCfg = Release|Any CPU
		{54C468B8-26D1-4C9A-A8D1-FD907EE46ADF}.Release|Any CPU.Build.0 = Release|Any CPU
	EndGlobalSection
	GlobalSection(SolutionProperties) = preSolution
		HideSolutionNode = FALSE
	EndGlobalSection
	GlobalSection(NestedProjects) = preSolution
		{B96A5DC3-CAC2-420E-90D5-96028DC94AE3} = {0E6F3FCF-0EDF-4099-8CE6-DE0C74698516}
		{E77511D0-DDCF-4EDB-8EBB-71B66A8F4152} = {0E6F3FCF-0EDF-4099-8CE6-DE0C74698516}
		{6138BFA8-99F5-44ED-910C-298F238798D4} = {0E6F3FCF-0EDF-4099-8CE6-DE0C74698516}
		{EA3DAAFC-339A-487F-9E01-598AB53E6CC6} = {F68DC986-5A5B-4F37-BA3F-BC9669E2A42C}
		{78A9145C-7527-476A-B3F9-591E511BFBC3} = {F68DC986-5A5B-4F37-BA3F-BC9669E2A42C}
		{54C468B8-26D1-4C9A-A8D1-FD907EE46ADF} = {F68DC986-5A5B-4F37-BA3F-BC9669E2A42C}
	EndGlobalSection
	GlobalSection(ExtensibilityGlobals) = postSolution
		SolutionGuid = {54B2A64D-C72B-4850-84EC-65712C9F9A66}
	EndGlobalSection
EndGlobal
